// !$*UTF8*$!
{
	archiveVersion = 1;
	classes = {
	};
	objectVersion = 46;
	objects = {

/* Begin PBXBuildFile section */
		5A19296F1E1AE23B005DDF9F /* nhcrtc.jpg in Resources */ = {isa = PBXBuildFile; fileRef = 5A19296E1E1AE23B005DDF9F /* nhcrtc.jpg */; };
		5A2D767B1E19BFD100FA9497 /* AppDelegate.swift in Sources */ = {isa = PBXBuildFile; fileRef = 5A2D767A1E19BFD100FA9497 /* AppDelegate.swift */; };
		5A2D767D1E19BFD100FA9497 /* ViewController.swift in Sources */ = {isa = PBXBuildFile; fileRef = 5A2D767C1E19BFD100FA9497 /* ViewController.swift */; };
		5A2D76801E19BFD100FA9497 /* Main.storyboard in Resources */ = {isa = PBXBuildFile; fileRef = 5A2D767E1E19BFD100FA9497 /* Main.storyboard */; };
		5A2D76821E19BFD100FA9497 /* Assets.xcassets in Resources */ = {isa = PBXBuildFile; fileRef = 5A2D76811E19BFD100FA9497 /* Assets.xcassets */; };
		5A2D76851E19BFD100FA9497 /* LaunchScreen.storyboard in Resources */ = {isa = PBXBuildFile; fileRef = 5A2D76831E19BFD100FA9497 /* LaunchScreen.storyboard */; };
		5A2D76901E19BFD100FA9497 /* blackjack_calculatedTests.swift in Sources */ = {isa = PBXBuildFile; fileRef = 5A2D768F1E19BFD100FA9497 /* blackjack_calculatedTests.swift */; };
		5A2D769B1E19BFD100FA9497 /* blackjack_calculatedUITests.swift in Sources */ = {isa = PBXBuildFile; fileRef = 5A2D769A1E19BFD100FA9497 /* blackjack_calculatedUITests.swift */; };
		5A2D76EF1E19C28400FA9497 /* cardBack_blue3.png in Resources */ = {isa = PBXBuildFile; fileRef = 5A2D76AB1E19C28400FA9497 /* cardBack_blue3.png */; };
		5A2D76FC1E19C28400FA9497 /* cardClubs10.png in Resources */ = {isa = PBXBuildFile; fileRef = 5A2D76B81E19C28400FA9497 /* cardClubs10.png */; };
		5A2D76FD1E19C28400FA9497 /* cardClubs2.png in Resources */ = {isa = PBXBuildFile; fileRef = 5A2D76B91E19C28400FA9497 /* cardClubs2.png */; };
		5A2D76FE1E19C28400FA9497 /* cardClubs3.png in Resources */ = {isa = PBXBuildFile; fileRef = 5A2D76BA1E19C28400FA9497 /* cardClubs3.png */; };
		5A2D76FF1E19C28400FA9497 /* cardClubs4.png in Resources */ = {isa = PBXBuildFile; fileRef = 5A2D76BB1E19C28400FA9497 /* cardClubs4.png */; };
		5A2D77001E19C28400FA9497 /* cardClubs5.png in Resources */ = {isa = PBXBuildFile; fileRef = 5A2D76BC1E19C28400FA9497 /* cardClubs5.png */; };
		5A2D77011E19C28400FA9497 /* cardClubs6.png in Resources */ = {isa = PBXBuildFile; fileRef = 5A2D76BD1E19C28400FA9497 /* cardClubs6.png */; };
		5A2D77021E19C28400FA9497 /* cardClubs7.png in Resources */ = {isa = PBXBuildFile; fileRef = 5A2D76BE1E19C28400FA9497 /* cardClubs7.png */; };
		5A2D77031E19C28400FA9497 /* cardClubs8.png in Resources */ = {isa = PBXBuildFile; fileRef = 5A2D76BF1E19C28400FA9497 /* cardClubs8.png */; };
		5A2D77041E19C28400FA9497 /* cardClubs9.png in Resources */ = {isa = PBXBuildFile; fileRef = 5A2D76C01E19C28400FA9497 /* cardClubs9.png */; };
		5A2D77051E19C28400FA9497 /* cardClubsA.png in Resources */ = {isa = PBXBuildFile; fileRef = 5A2D76C11E19C28400FA9497 /* cardClubsA.png */; };
		5A2D77061E19C28400FA9497 /* cardClubsJ.png in Resources */ = {isa = PBXBuildFile; fileRef = 5A2D76C21E19C28400FA9497 /* cardClubsJ.png */; };
		5A2D77071E19C28400FA9497 /* cardClubsK.png in Resources */ = {isa = PBXBuildFile; fileRef = 5A2D76C31E19C28400FA9497 /* cardClubsK.png */; };
		5A2D77081E19C28400FA9497 /* cardClubsQ.png in Resources */ = {isa = PBXBuildFile; fileRef = 5A2D76C41E19C28400FA9497 /* cardClubsQ.png */; };
		5A2D77091E19C28400FA9497 /* cardDiamonds10.png in Resources */ = {isa = PBXBuildFile; fileRef = 5A2D76C51E19C28400FA9497 /* cardDiamonds10.png */; };
		5A2D770A1E19C28400FA9497 /* cardDiamonds2.png in Resources */ = {isa = PBXBuildFile; fileRef = 5A2D76C61E19C28400FA9497 /* cardDiamonds2.png */; };
		5A2D770B1E19C28400FA9497 /* cardDiamonds3.png in Resources */ = {isa = PBXBuildFile; fileRef = 5A2D76C71E19C28400FA9497 /* cardDiamonds3.png */; };
		5A2D770C1E19C28400FA9497 /* cardDiamonds4.png in Resources */ = {isa = PBXBuildFile; fileRef = 5A2D76C81E19C28400FA9497 /* cardDiamonds4.png */; };
		5A2D770D1E19C28400FA9497 /* cardDiamonds5.png in Resources */ = {isa = PBXBuildFile; fileRef = 5A2D76C91E19C28400FA9497 /* cardDiamonds5.png */; };
		5A2D770E1E19C28400FA9497 /* cardDiamonds6.png in Resources */ = {isa = PBXBuildFile; fileRef = 5A2D76CA1E19C28400FA9497 /* cardDiamonds6.png */; };
		5A2D770F1E19C28400FA9497 /* cardDiamonds7.png in Resources */ = {isa = PBXBuildFile; fileRef = 5A2D76CB1E19C28400FA9497 /* cardDiamonds7.png */; };
		5A2D77101E19C28400FA9497 /* cardDiamonds8.png in Resources */ = {isa = PBXBuildFile; fileRef = 5A2D76CC1E19C28400FA9497 /* cardDiamonds8.png */; };
		5A2D77111E19C28400FA9497 /* cardDiamonds9.png in Resources */ = {isa = PBXBuildFile; fileRef = 5A2D76CD1E19C28400FA9497 /* cardDiamonds9.png */; };
		5A2D77121E19C28400FA9497 /* cardDiamondsA.png in Resources */ = {isa = PBXBuildFile; fileRef = 5A2D76CE1E19C28400FA9497 /* cardDiamondsA.png */; };
		5A2D77131E19C28400FA9497 /* cardDiamondsJ.png in Resources */ = {isa = PBXBuildFile; fileRef = 5A2D76CF1E19C28400FA9497 /* cardDiamondsJ.png */; };
		5A2D77141E19C28400FA9497 /* cardDiamondsK.png in Resources */ = {isa = PBXBuildFile; fileRef = 5A2D76D01E19C28400FA9497 /* cardDiamondsK.png */; };
		5A2D77151E19C28400FA9497 /* cardDiamondsQ.png in Resources */ = {isa = PBXBuildFile; fileRef = 5A2D76D11E19C28400FA9497 /* cardDiamondsQ.png */; };
		5A2D77161E19C28400FA9497 /* cardHearts10.png in Resources */ = {isa = PBXBuildFile; fileRef = 5A2D76D21E19C28400FA9497 /* cardHearts10.png */; };
		5A2D77171E19C28400FA9497 /* cardHearts2.png in Resources */ = {isa = PBXBuildFile; fileRef = 5A2D76D31E19C28400FA9497 /* cardHearts2.png */; };
		5A2D77181E19C28400FA9497 /* cardHearts3.png in Resources */ = {isa = PBXBuildFile; fileRef = 5A2D76D41E19C28400FA9497 /* cardHearts3.png */; };
		5A2D77191E19C28400FA9497 /* cardHearts4.png in Resources */ = {isa = PBXBuildFile; fileRef = 5A2D76D51E19C28400FA9497 /* cardHearts4.png */; };
		5A2D771A1E19C28400FA9497 /* cardHearts5.png in Resources */ = {isa = PBXBuildFile; fileRef = 5A2D76D61E19C28400FA9497 /* cardHearts5.png */; };
		5A2D771B1E19C28400FA9497 /* cardHearts6.png in Resources */ = {isa = PBXBuildFile; fileRef = 5A2D76D71E19C28400FA9497 /* cardHearts6.png */; };
		5A2D771C1E19C28400FA9497 /* cardHearts7.png in Resources */ = {isa = PBXBuildFile; fileRef = 5A2D76D81E19C28400FA9497 /* cardHearts7.png */; };
		5A2D771D1E19C28400FA9497 /* cardHearts8.png in Resources */ = {isa = PBXBuildFile; fileRef = 5A2D76D91E19C28400FA9497 /* cardHearts8.png */; };
		5A2D771E1E19C28400FA9497 /* cardHearts9.png in Resources */ = {isa = PBXBuildFile; fileRef = 5A2D76DA1E19C28400FA9497 /* cardHearts9.png */; };
		5A2D771F1E19C28400FA9497 /* cardHeartsA.png in Resources */ = {isa = PBXBuildFile; fileRef = 5A2D76DB1E19C28400FA9497 /* cardHeartsA.png */; };
		5A2D77201E19C28400FA9497 /* cardHeartsJ.png in Resources */ = {isa = PBXBuildFile; fileRef = 5A2D76DC1E19C28400FA9497 /* cardHeartsJ.png */; };
		5A2D77211E19C28400FA9497 /* cardHeartsK.png in Resources */ = {isa = PBXBuildFile; fileRef = 5A2D76DD1E19C28400FA9497 /* cardHeartsK.png */; };
		5A2D77221E19C28400FA9497 /* cardHeartsQ.png in Resources */ = {isa = PBXBuildFile; fileRef = 5A2D76DE1E19C28400FA9497 /* cardHeartsQ.png */; };
		5A2D77241E19C28400FA9497 /* cardSpades10.png in Resources */ = {isa = PBXBuildFile; fileRef = 5A2D76E01E19C28400FA9497 /* cardSpades10.png */; };
		5A2D77251E19C28400FA9497 /* cardSpades2.png in Resources */ = {isa = PBXBuildFile; fileRef = 5A2D76E11E19C28400FA9497 /* cardSpades2.png */; };
		5A2D77261E19C28400FA9497 /* cardSpades3.png in Resources */ = {isa = PBXBuildFile; fileRef = 5A2D76E21E19C28400FA9497 /* cardSpades3.png */; };
		5A2D77271E19C28400FA9497 /* cardSpades4.png in Resources */ = {isa = PBXBuildFile; fileRef = 5A2D76E31E19C28400FA9497 /* cardSpades4.png */; };
		5A2D77281E19C28400FA9497 /* cardSpades5.png in Resources */ = {isa = PBXBuildFile; fileRef = 5A2D76E41E19C28400FA9497 /* cardSpades5.png */; };
		5A2D77291E19C28400FA9497 /* cardSpades6.png in Resources */ = {isa = PBXBuildFile; fileRef = 5A2D76E51E19C28400FA9497 /* cardSpades6.png */; };
		5A2D772A1E19C28400FA9497 /* cardSpades7.png in Resources */ = {isa = PBXBuildFile; fileRef = 5A2D76E61E19C28400FA9497 /* cardSpades7.png */; };
		5A2D772B1E19C28400FA9497 /* cardSpades8.png in Resources */ = {isa = PBXBuildFile; fileRef = 5A2D76E71E19C28400FA9497 /* cardSpades8.png */; };
		5A2D772C1E19C28400FA9497 /* cardSpades9.png in Resources */ = {isa = PBXBuildFile; fileRef = 5A2D76E81E19C28400FA9497 /* cardSpades9.png */; };
		5A2D772D1E19C28400FA9497 /* cardSpadesA.png in Resources */ = {isa = PBXBuildFile; fileRef = 5A2D76E91E19C28400FA9497 /* cardSpadesA.png */; };
		5A2D772E1E19C28400FA9497 /* cardSpadesJ.png in Resources */ = {isa = PBXBuildFile; fileRef = 5A2D76EA1E19C28400FA9497 /* cardSpadesJ.png */; };
		5A2D772F1E19C28400FA9497 /* cardSpadesK.png in Resources */ = {isa = PBXBuildFile; fileRef = 5A2D76EB1E19C28400FA9497 /* cardSpadesK.png */; };
		5A2D77301E19C28400FA9497 /* cardSpadesQ.png in Resources */ = {isa = PBXBuildFile; fileRef = 5A2D76EC1E19C28400FA9497 /* cardSpadesQ.png */; };
		5A2D77321E19C5DB00FA9497 /* Card.swift in Sources */ = {isa = PBXBuildFile; fileRef = 5A2D77311E19C5DB00FA9497 /* Card.swift */; };
		5A2D77341E19C97400FA9497 /* Shoe.swift in Sources */ = {isa = PBXBuildFile; fileRef = 5A2D77331E19C97400FA9497 /* Shoe.swift */; };
/* End PBXBuildFile section */

/* Begin PBXContainerItemProxy section */
		5A2D768C1E19BFD100FA9497 /* PBXContainerItemProxy */ = {
			isa = PBXContainerItemProxy;
			containerPortal = 5A2D766F1E19BFD000FA9497 /* Project object */;
			proxyType = 1;
			remoteGlobalIDString = 5A2D76761E19BFD000FA9497;
			remoteInfo = "blackjack-calculated";
		};
		5A2D76971E19BFD100FA9497 /* PBXContainerItemProxy */ = {
			isa = PBXContainerItemProxy;
			containerPortal = 5A2D766F1E19BFD000FA9497 /* Project object */;
			proxyType = 1;
			remoteGlobalIDString = 5A2D76761E19BFD000FA9497;
			remoteInfo = "blackjack-calculated";
		};
/* End PBXContainerItemProxy section */

/* Begin PBXFileReference section */
		5A19296E1E1AE23B005DDF9F /* nhcrtc.jpg */ = {isa = PBXFileReference; lastKnownFileType = image.jpeg; path = nhcrtc.jpg; sourceTree = "<group>"; };
		5A2D76771E19BFD100FA9497 /* blackjack-calculated.app */ = {isa = PBXFileReference; explicitFileType = wrapper.application; includeInIndex = 0; path = "blackjack-calculated.app"; sourceTree = BUILT_PRODUCTS_DIR; };
		5A2D767A1E19BFD100FA9497 /* AppDelegate.swift */ = {isa = PBXFileReference; lastKnownFileType = sourcecode.swift; path = AppDelegate.swift; sourceTree = "<group>"; };
		5A2D767C1E19BFD100FA9497 /* ViewController.swift */ = {isa = PBXFileReference; lastKnownFileType = sourcecode.swift; path = ViewController.swift; sourceTree = "<group>"; };
		5A2D767F1E19BFD100FA9497 /* Base */ = {isa = PBXFileReference; lastKnownFileType = file.storyboard; name = Base; path = Base.lproj/Main.storyboard; sourceTree = "<group>"; };
		5A2D76811E19BFD100FA9497 /* Assets.xcassets */ = {isa = PBXFileReference; lastKnownFileType = folder.assetcatalog; path = Assets.xcassets; sourceTree = "<group>"; };
		5A2D76841E19BFD100FA9497 /* Base */ = {isa = PBXFileReference; lastKnownFileType = file.storyboard; name = Base; path = Base.lproj/LaunchScreen.storyboard; sourceTree = "<group>"; };
		5A2D76861E19BFD100FA9497 /* Info.plist */ = {isa = PBXFileReference; lastKnownFileType = text.plist.xml; path = Info.plist; sourceTree = "<group>"; };
		5A2D768B1E19BFD100FA9497 /* blackjack-calculatedTests.xctest */ = {isa = PBXFileReference; explicitFileType = wrapper.cfbundle; includeInIndex = 0; path = "blackjack-calculatedTests.xctest"; sourceTree = BUILT_PRODUCTS_DIR; };
		5A2D768F1E19BFD100FA9497 /* blackjack_calculatedTests.swift */ = {isa = PBXFileReference; lastKnownFileType = sourcecode.swift; path = blackjack_calculatedTests.swift; sourceTree = "<group>"; };
		5A2D76911E19BFD100FA9497 /* Info.plist */ = {isa = PBXFileReference; lastKnownFileType = text.plist.xml; path = Info.plist; sourceTree = "<group>"; };
		5A2D76961E19BFD100FA9497 /* blackjack-calculatedUITests.xctest */ = {isa = PBXFileReference; explicitFileType = wrapper.cfbundle; includeInIndex = 0; path = "blackjack-calculatedUITests.xctest"; sourceTree = BUILT_PRODUCTS_DIR; };
		5A2D769A1E19BFD100FA9497 /* blackjack_calculatedUITests.swift */ = {isa = PBXFileReference; lastKnownFileType = sourcecode.swift; path = blackjack_calculatedUITests.swift; sourceTree = "<group>"; };
		5A2D769C1E19BFD100FA9497 /* Info.plist */ = {isa = PBXFileReference; lastKnownFileType = text.plist.xml; path = Info.plist; sourceTree = "<group>"; };
		5A2D76AB1E19C28400FA9497 /* cardBack_blue3.png */ = {isa = PBXFileReference; lastKnownFileType = image.png; path = cardBack_blue3.png; sourceTree = "<group>"; };
		5A2D76B81E19C28400FA9497 /* cardClubs10.png */ = {isa = PBXFileReference; lastKnownFileType = image.png; path = cardClubs10.png; sourceTree = "<group>"; };
		5A2D76B91E19C28400FA9497 /* cardClubs2.png */ = {isa = PBXFileReference; lastKnownFileType = image.png; path = cardClubs2.png; sourceTree = "<group>"; };
		5A2D76BA1E19C28400FA9497 /* cardClubs3.png */ = {isa = PBXFileReference; lastKnownFileType = image.png; path = cardClubs3.png; sourceTree = "<group>"; };
		5A2D76BB1E19C28400FA9497 /* cardClubs4.png */ = {isa = PBXFileReference; lastKnownFileType = image.png; path = cardClubs4.png; sourceTree = "<group>"; };
		5A2D76BC1E19C28400FA9497 /* cardClubs5.png */ = {isa = PBXFileReference; lastKnownFileType = image.png; path = cardClubs5.png; sourceTree = "<group>"; };
		5A2D76BD1E19C28400FA9497 /* cardClubs6.png */ = {isa = PBXFileReference; lastKnownFileType = image.png; path = cardClubs6.png; sourceTree = "<group>"; };
		5A2D76BE1E19C28400FA9497 /* cardClubs7.png */ = {isa = PBXFileReference; lastKnownFileType = image.png; path = cardClubs7.png; sourceTree = "<group>"; };
		5A2D76BF1E19C28400FA9497 /* cardClubs8.png */ = {isa = PBXFileReference; lastKnownFileType = image.png; path = cardClubs8.png; sourceTree = "<group>"; };
		5A2D76C01E19C28400FA9497 /* cardClubs9.png */ = {isa = PBXFileReference; lastKnownFileType = image.png; path = cardClubs9.png; sourceTree = "<group>"; };
		5A2D76C11E19C28400FA9497 /* cardClubsA.png */ = {isa = PBXFileReference; lastKnownFileType = image.png; path = cardClubsA.png; sourceTree = "<group>"; };
		5A2D76C21E19C28400FA9497 /* cardClubsJ.png */ = {isa = PBXFileReference; lastKnownFileType = image.png; path = cardClubsJ.png; sourceTree = "<group>"; };
		5A2D76C31E19C28400FA9497 /* cardClubsK.png */ = {isa = PBXFileReference; lastKnownFileType = image.png; path = cardClubsK.png; sourceTree = "<group>"; };
		5A2D76C41E19C28400FA9497 /* cardClubsQ.png */ = {isa = PBXFileReference; lastKnownFileType = image.png; path = cardClubsQ.png; sourceTree = "<group>"; };
		5A2D76C51E19C28400FA9497 /* cardDiamonds10.png */ = {isa = PBXFileReference; lastKnownFileType = image.png; path = cardDiamonds10.png; sourceTree = "<group>"; };
		5A2D76C61E19C28400FA9497 /* cardDiamonds2.png */ = {isa = PBXFileReference; lastKnownFileType = image.png; path = cardDiamonds2.png; sourceTree = "<group>"; };
		5A2D76C71E19C28400FA9497 /* cardDiamonds3.png */ = {isa = PBXFileReference; lastKnownFileType = image.png; path = cardDiamonds3.png; sourceTree = "<group>"; };
		5A2D76C81E19C28400FA9497 /* cardDiamonds4.png */ = {isa = PBXFileReference; lastKnownFileType = image.png; path = cardDiamonds4.png; sourceTree = "<group>"; };
		5A2D76C91E19C28400FA9497 /* cardDiamonds5.png */ = {isa = PBXFileReference; lastKnownFileType = image.png; path = cardDiamonds5.png; sourceTree = "<group>"; };
		5A2D76CA1E19C28400FA9497 /* cardDiamonds6.png */ = {isa = PBXFileReference; lastKnownFileType = image.png; path = cardDiamonds6.png; sourceTree = "<group>"; };
		5A2D76CB1E19C28400FA9497 /* cardDiamonds7.png */ = {isa = PBXFileReference; lastKnownFileType = image.png; path = cardDiamonds7.png; sourceTree = "<group>"; };
		5A2D76CC1E19C28400FA9497 /* cardDiamonds8.png */ = {isa = PBXFileReference; lastKnownFileType = image.png; path = cardDiamonds8.png; sourceTree = "<group>"; };
		5A2D76CD1E19C28400FA9497 /* cardDiamonds9.png */ = {isa = PBXFileReference; lastKnownFileType = image.png; path = cardDiamonds9.png; sourceTree = "<group>"; };
		5A2D76CE1E19C28400FA9497 /* cardDiamondsA.png */ = {isa = PBXFileReference; lastKnownFileType = image.png; path = cardDiamondsA.png; sourceTree = "<group>"; };
		5A2D76CF1E19C28400FA9497 /* cardDiamondsJ.png */ = {isa = PBXFileReference; lastKnownFileType = image.png; path = cardDiamondsJ.png; sourceTree = "<group>"; };
		5A2D76D01E19C28400FA9497 /* cardDiamondsK.png */ = {isa = PBXFileReference; lastKnownFileType = image.png; path = cardDiamondsK.png; sourceTree = "<group>"; };
		5A2D76D11E19C28400FA9497 /* cardDiamondsQ.png */ = {isa = PBXFileReference; lastKnownFileType = image.png; path = cardDiamondsQ.png; sourceTree = "<group>"; };
		5A2D76D21E19C28400FA9497 /* cardHearts10.png */ = {isa = PBXFileReference; lastKnownFileType = image.png; path = cardHearts10.png; sourceTree = "<group>"; };
		5A2D76D31E19C28400FA9497 /* cardHearts2.png */ = {isa = PBXFileReference; lastKnownFileType = image.png; path = cardHearts2.png; sourceTree = "<group>"; };
		5A2D76D41E19C28400FA9497 /* cardHearts3.png */ = {isa = PBXFileReference; lastKnownFileType = image.png; path = cardHearts3.png; sourceTree = "<group>"; };
		5A2D76D51E19C28400FA9497 /* cardHearts4.png */ = {isa = PBXFileReference; lastKnownFileType = image.png; path = cardHearts4.png; sourceTree = "<group>"; };
		5A2D76D61E19C28400FA9497 /* cardHearts5.png */ = {isa = PBXFileReference; lastKnownFileType = image.png; path = cardHearts5.png; sourceTree = "<group>"; };
		5A2D76D71E19C28400FA9497 /* cardHearts6.png */ = {isa = PBXFileReference; lastKnownFileType = image.png; path = cardHearts6.png; sourceTree = "<group>"; };
		5A2D76D81E19C28400FA9497 /* cardHearts7.png */ = {isa = PBXFileReference; lastKnownFileType = image.png; path = cardHearts7.png; sourceTree = "<group>"; };
		5A2D76D91E19C28400FA9497 /* cardHearts8.png */ = {isa = PBXFileReference; lastKnownFileType = image.png; path = cardHearts8.png; sourceTree = "<group>"; };
		5A2D76DA1E19C28400FA9497 /* cardHearts9.png */ = {isa = PBXFileReference; lastKnownFileType = image.png; path = cardHearts9.png; sourceTree = "<group>"; };
		5A2D76DB1E19C28400FA9497 /* cardHeartsA.png */ = {isa = PBXFileReference; lastKnownFileType = image.png; path = cardHeartsA.png; sourceTree = "<group>"; };
		5A2D76DC1E19C28400FA9497 /* cardHeartsJ.png */ = {isa = PBXFileReference; lastKnownFileType = image.png; path = cardHeartsJ.png; sourceTree = "<group>"; };
		5A2D76DD1E19C28400FA9497 /* cardHeartsK.png */ = {isa = PBXFileReference; lastKnownFileType = image.png; path = cardHeartsK.png; sourceTree = "<group>"; };
		5A2D76DE1E19C28400FA9497 /* cardHeartsQ.png */ = {isa = PBXFileReference; lastKnownFileType = image.png; path = cardHeartsQ.png; sourceTree = "<group>"; };
		5A2D76E01E19C28400FA9497 /* cardSpades10.png */ = {isa = PBXFileReference; lastKnownFileType = image.png; path = cardSpades10.png; sourceTree = "<group>"; };
		5A2D76E11E19C28400FA9497 /* cardSpades2.png */ = {isa = PBXFileReference; lastKnownFileType = image.png; path = cardSpades2.png; sourceTree = "<group>"; };
		5A2D76E21E19C28400FA9497 /* cardSpades3.png */ = {isa = PBXFileReference; lastKnownFileType = image.png; path = cardSpades3.png; sourceTree = "<group>"; };
		5A2D76E31E19C28400FA9497 /* cardSpades4.png */ = {isa = PBXFileReference; lastKnownFileType = image.png; path = cardSpades4.png; sourceTree = "<group>"; };
		5A2D76E41E19C28400FA9497 /* cardSpades5.png */ = {isa = PBXFileReference; lastKnownFileType = image.png; path = cardSpades5.png; sourceTree = "<group>"; };
		5A2D76E51E19C28400FA9497 /* cardSpades6.png */ = {isa = PBXFileReference; lastKnownFileType = image.png; path = cardSpades6.png; sourceTree = "<group>"; };
		5A2D76E61E19C28400FA9497 /* cardSpades7.png */ = {isa = PBXFileReference; lastKnownFileType = image.png; path = cardSpades7.png; sourceTree = "<group>"; };
		5A2D76E71E19C28400FA9497 /* cardSpades8.png */ = {isa = PBXFileReference; lastKnownFileType = image.png; path = cardSpades8.png; sourceTree = "<group>"; };
		5A2D76E81E19C28400FA9497 /* cardSpades9.png */ = {isa = PBXFileReference; lastKnownFileType = image.png; path = cardSpades9.png; sourceTree = "<group>"; };
		5A2D76E91E19C28400FA9497 /* cardSpadesA.png */ = {isa = PBXFileReference; lastKnownFileType = image.png; path = cardSpadesA.png; sourceTree = "<group>"; };
		5A2D76EA1E19C28400FA9497 /* cardSpadesJ.png */ = {isa = PBXFileReference; lastKnownFileType = image.png; path = cardSpadesJ.png; sourceTree = "<group>"; };
		5A2D76EB1E19C28400FA9497 /* cardSpadesK.png */ = {isa = PBXFileReference; lastKnownFileType = image.png; path = cardSpadesK.png; sourceTree = "<group>"; };
		5A2D76EC1E19C28400FA9497 /* cardSpadesQ.png */ = {isa = PBXFileReference; lastKnownFileType = image.png; path = cardSpadesQ.png; sourceTree = "<group>"; };
		5A2D77311E19C5DB00FA9497 /* Card.swift */ = {isa = PBXFileReference; fileEncoding = 4; lastKnownFileType = sourcecode.swift; path = Card.swift; sourceTree = "<group>"; };
		5A2D77331E19C97400FA9497 /* Shoe.swift */ = {isa = PBXFileReference; fileEncoding = 4; lastKnownFileType = sourcecode.swift; path = Shoe.swift; sourceTree = "<group>"; };
/* End PBXFileReference section */

/* Begin PBXFrameworksBuildPhase section */
		5A2D76741E19BFD000FA9497 /* Frameworks */ = {
			isa = PBXFrameworksBuildPhase;
			buildActionMask = 2147483647;
			files = (
			);
			runOnlyForDeploymentPostprocessing = 0;
		};
		5A2D76881E19BFD100FA9497 /* Frameworks */ = {
			isa = PBXFrameworksBuildPhase;
			buildActionMask = 2147483647;
			files = (
			);
			runOnlyForDeploymentPostprocessing = 0;
		};
		5A2D76931E19BFD100FA9497 /* Frameworks */ = {
			isa = PBXFrameworksBuildPhase;
			buildActionMask = 2147483647;
			files = (
			);
			runOnlyForDeploymentPostprocessing = 0;
		};
/* End PBXFrameworksBuildPhase section */

/* Begin PBXGroup section */
		5A2D766E1E19BFD000FA9497 = {
			isa = PBXGroup;
			children = (
				5A2D76791E19BFD100FA9497 /* blackjack-calculated */,
				5A2D768E1E19BFD100FA9497 /* blackjack-calculatedTests */,
				5A2D76991E19BFD100FA9497 /* blackjack-calculatedUITests */,
				5A2D76781E19BFD100FA9497 /* Products */,
			);
			sourceTree = "<group>";
		};
		5A2D76781E19BFD100FA9497 /* Products */ = {
			isa = PBXGroup;
			children = (
				5A2D76771E19BFD100FA9497 /* blackjack-calculated.app */,
				5A2D768B1E19BFD100FA9497 /* blackjack-calculatedTests.xctest */,
				5A2D76961E19BFD100FA9497 /* blackjack-calculatedUITests.xctest */,
			);
			name = Products;
			sourceTree = "<group>";
		};
		5A2D76791E19BFD100FA9497 /* blackjack-calculated */ = {
			isa = PBXGroup;
			children = (
				5A2D767A1E19BFD100FA9497 /* AppDelegate.swift */,
				5A2D767C1E19BFD100FA9497 /* ViewController.swift */,
				5A2D77311E19C5DB00FA9497 /* Card.swift */,
				5A2D77331E19C97400FA9497 /* Shoe.swift */,
				5A2D767E1E19BFD100FA9497 /* Main.storyboard */,
				5A2D76811E19BFD100FA9497 /* Assets.xcassets */,
				5A19296E1E1AE23B005DDF9F /* nhcrtc.jpg */,
				5A2D76A81E19C28400FA9497 /* Cards */,
				5A2D76831E19BFD100FA9497 /* LaunchScreen.storyboard */,
				5A2D76861E19BFD100FA9497 /* Info.plist */,
			);
			path = "blackjack-calculated";
			sourceTree = "<group>";
		};
		5A2D768E1E19BFD100FA9497 /* blackjack-calculatedTests */ = {
			isa = PBXGroup;
			children = (
				5A2D768F1E19BFD100FA9497 /* blackjack_calculatedTests.swift */,
				5A2D76911E19BFD100FA9497 /* Info.plist */,
			);
			path = "blackjack-calculatedTests";
			sourceTree = "<group>";
		};
		5A2D76991E19BFD100FA9497 /* blackjack-calculatedUITests */ = {
			isa = PBXGroup;
			children = (
				5A2D769A1E19BFD100FA9497 /* blackjack_calculatedUITests.swift */,
				5A2D769C1E19BFD100FA9497 /* Info.plist */,
			);
			path = "blackjack-calculatedUITests";
			sourceTree = "<group>";
		};
		5A2D76A81E19C28400FA9497 /* Cards */ = {
			isa = PBXGroup;
			children = (
				5A2D76AB1E19C28400FA9497 /* cardBack_blue3.png */,
				5A2D76B81E19C28400FA9497 /* cardClubs10.png */,
				5A2D76B91E19C28400FA9497 /* cardClubs2.png */,
				5A2D76BA1E19C28400FA9497 /* cardClubs3.png */,
				5A2D76BB1E19C28400FA9497 /* cardClubs4.png */,
				5A2D76BC1E19C28400FA9497 /* cardClubs5.png */,
				5A2D76BD1E19C28400FA9497 /* cardClubs6.png */,
				5A2D76BE1E19C28400FA9497 /* cardClubs7.png */,
				5A2D76BF1E19C28400FA9497 /* cardClubs8.png */,
				5A2D76C01E19C28400FA9497 /* cardClubs9.png */,
				5A2D76C11E19C28400FA9497 /* cardClubsA.png */,
				5A2D76C21E19C28400FA9497 /* cardClubsJ.png */,
				5A2D76C31E19C28400FA9497 /* cardClubsK.png */,
				5A2D76C41E19C28400FA9497 /* cardClubsQ.png */,
				5A2D76C51E19C28400FA9497 /* cardDiamonds10.png */,
				5A2D76C61E19C28400FA9497 /* cardDiamonds2.png */,
				5A2D76C71E19C28400FA9497 /* cardDiamonds3.png */,
				5A2D76C81E19C28400FA9497 /* cardDiamonds4.png */,
				5A2D76C91E19C28400FA9497 /* cardDiamonds5.png */,
				5A2D76CA1E19C28400FA9497 /* cardDiamonds6.png */,
				5A2D76CB1E19C28400FA9497 /* cardDiamonds7.png */,
				5A2D76CC1E19C28400FA9497 /* cardDiamonds8.png */,
				5A2D76CD1E19C28400FA9497 /* cardDiamonds9.png */,
				5A2D76CE1E19C28400FA9497 /* cardDiamondsA.png */,
				5A2D76CF1E19C28400FA9497 /* cardDiamondsJ.png */,
				5A2D76D01E19C28400FA9497 /* cardDiamondsK.png */,
				5A2D76D11E19C28400FA9497 /* cardDiamondsQ.png */,
				5A2D76D21E19C28400FA9497 /* cardHearts10.png */,
				5A2D76D31E19C28400FA9497 /* cardHearts2.png */,
				5A2D76D41E19C28400FA9497 /* cardHearts3.png */,
				5A2D76D51E19C28400FA9497 /* cardHearts4.png */,
				5A2D76D61E19C28400FA9497 /* cardHearts5.png */,
				5A2D76D71E19C28400FA9497 /* cardHearts6.png */,
				5A2D76D81E19C28400FA9497 /* cardHearts7.png */,
				5A2D76D91E19C28400FA9497 /* cardHearts8.png */,
				5A2D76DA1E19C28400FA9497 /* cardHearts9.png */,
				5A2D76DB1E19C28400FA9497 /* cardHeartsA.png */,
				5A2D76DC1E19C28400FA9497 /* cardHeartsJ.png */,
				5A2D76DD1E19C28400FA9497 /* cardHeartsK.png */,
				5A2D76DE1E19C28400FA9497 /* cardHeartsQ.png */,
				5A2D76E01E19C28400FA9497 /* cardSpades10.png */,
				5A2D76E11E19C28400FA9497 /* cardSpades2.png */,
				5A2D76E21E19C28400FA9497 /* cardSpades3.png */,
				5A2D76E31E19C28400FA9497 /* cardSpades4.png */,
				5A2D76E41E19C28400FA9497 /* cardSpades5.png */,
				5A2D76E51E19C28400FA9497 /* cardSpades6.png */,
				5A2D76E61E19C28400FA9497 /* cardSpades7.png */,
				5A2D76E71E19C28400FA9497 /* cardSpades8.png */,
				5A2D76E81E19C28400FA9497 /* cardSpades9.png */,
				5A2D76E91E19C28400FA9497 /* cardSpadesA.png */,
				5A2D76EA1E19C28400FA9497 /* cardSpadesJ.png */,
				5A2D76EB1E19C28400FA9497 /* cardSpadesK.png */,
				5A2D76EC1E19C28400FA9497 /* cardSpadesQ.png */,
			);
			path = Cards;
			sourceTree = "<group>";
		};
/* End PBXGroup section */

/* Begin PBXNativeTarget section */
		5A2D76761E19BFD000FA9497 /* blackjack-calculated */ = {
			isa = PBXNativeTarget;
			buildConfigurationList = 5A2D769F1E19BFD100FA9497 /* Build configuration list for PBXNativeTarget "blackjack-calculated" */;
			buildPhases = (
				5A2D76731E19BFD000FA9497 /* Sources */,
				5A2D76741E19BFD000FA9497 /* Frameworks */,
				5A2D76751E19BFD000FA9497 /* Resources */,
			);
			buildRules = (
			);
			dependencies = (
			);
			name = "blackjack-calculated";
			productName = "blackjack-calculated";
			productReference = 5A2D76771E19BFD100FA9497 /* blackjack-calculated.app */;
			productType = "com.apple.product-type.application";
		};
		5A2D768A1E19BFD100FA9497 /* blackjack-calculatedTests */ = {
			isa = PBXNativeTarget;
			buildConfigurationList = 5A2D76A21E19BFD100FA9497 /* Build configuration list for PBXNativeTarget "blackjack-calculatedTests" */;
			buildPhases = (
				5A2D76871E19BFD100FA9497 /* Sources */,
				5A2D76881E19BFD100FA9497 /* Frameworks */,
				5A2D76891E19BFD100FA9497 /* Resources */,
			);
			buildRules = (
			);
			dependencies = (
				5A2D768D1E19BFD100FA9497 /* PBXTargetDependency */,
			);
			name = "blackjack-calculatedTests";
			productName = "blackjack-calculatedTests";
			productReference = 5A2D768B1E19BFD100FA9497 /* blackjack-calculatedTests.xctest */;
			productType = "com.apple.product-type.bundle.unit-test";
		};
		5A2D76951E19BFD100FA9497 /* blackjack-calculatedUITests */ = {
			isa = PBXNativeTarget;
			buildConfigurationList = 5A2D76A51E19BFD100FA9497 /* Build configuration list for PBXNativeTarget "blackjack-calculatedUITests" */;
			buildPhases = (
				5A2D76921E19BFD100FA9497 /* Sources */,
				5A2D76931E19BFD100FA9497 /* Frameworks */,
				5A2D76941E19BFD100FA9497 /* Resources */,
			);
			buildRules = (
			);
			dependencies = (
				5A2D76981E19BFD100FA9497 /* PBXTargetDependency */,
			);
			name = "blackjack-calculatedUITests";
			productName = "blackjack-calculatedUITests";
			productReference = 5A2D76961E19BFD100FA9497 /* blackjack-calculatedUITests.xctest */;
			productType = "com.apple.product-type.bundle.ui-testing";
		};
/* End PBXNativeTarget section */

/* Begin PBXProject section */
		5A2D766F1E19BFD000FA9497 /* Project object */ = {
			isa = PBXProject;
			attributes = {
				LastSwiftUpdateCheck = 0820;
				LastUpgradeCheck = 0820;
				ORGANIZATIONNAME = "Yuen Hsi Chang";
				TargetAttributes = {
					5A2D76761E19BFD000FA9497 = {
						CreatedOnToolsVersion = 8.2.1;
						ProvisioningStyle = Automatic;
					};
					5A2D768A1E19BFD100FA9497 = {
						CreatedOnToolsVersion = 8.2.1;
						ProvisioningStyle = Automatic;
						TestTargetID = 5A2D76761E19BFD000FA9497;
					};
					5A2D76951E19BFD100FA9497 = {
						CreatedOnToolsVersion = 8.2.1;
						ProvisioningStyle = Automatic;
						TestTargetID = 5A2D76761E19BFD000FA9497;
					};
				};
			};
			buildConfigurationList = 5A2D76721E19BFD000FA9497 /* Build configuration list for PBXProject "blackjack-calculated" */;
			compatibilityVersion = "Xcode 3.2";
			developmentRegion = English;
			hasScannedForEncodings = 0;
			knownRegions = (
				en,
				Base,
			);
			mainGroup = 5A2D766E1E19BFD000FA9497;
			productRefGroup = 5A2D76781E19BFD100FA9497 /* Products */;
			projectDirPath = "";
			projectRoot = "";
			targets = (
				5A2D76761E19BFD000FA9497 /* blackjack-calculated */,
				5A2D768A1E19BFD100FA9497 /* blackjack-calculatedTests */,
				5A2D76951E19BFD100FA9497 /* blackjack-calculatedUITests */,
			);
		};
/* End PBXProject section */

/* Begin PBXResourcesBuildPhase section */
		5A2D76751E19BFD000FA9497 /* Resources */ = {
			isa = PBXResourcesBuildPhase;
			buildActionMask = 2147483647;
			files = (
				5A2D77301E19C28400FA9497 /* cardSpadesQ.png in Resources */,
				5A2D772B1E19C28400FA9497 /* cardSpades8.png in Resources */,
				5A2D772D1E19C28400FA9497 /* cardSpadesA.png in Resources */,
				5A2D77171E19C28400FA9497 /* cardHearts2.png in Resources */,
				5A2D772C1E19C28400FA9497 /* cardSpades9.png in Resources */,
				5A2D77161E19C28400FA9497 /* cardHearts10.png in Resources */,
				5A2D770E1E19C28400FA9497 /* cardDiamonds6.png in Resources */,
				5A2D77181E19C28400FA9497 /* cardHearts3.png in Resources */,
				5A2D771F1E19C28400FA9497 /* cardHeartsA.png in Resources */,
				5A2D77261E19C28400FA9497 /* cardSpades3.png in Resources */,
				5A2D76EF1E19C28400FA9497 /* cardBack_blue3.png in Resources */,
				5A2D77101E19C28400FA9497 /* cardDiamonds8.png in Resources */,
				5A2D77141E19C28400FA9497 /* cardDiamondsK.png in Resources */,
				5A2D77281E19C28400FA9497 /* cardSpades5.png in Resources */,
				5A2D76FE1E19C28400FA9497 /* cardClubs3.png in Resources */,
				5A2D771B1E19C28400FA9497 /* cardHearts6.png in Resources */,
				5A2D771A1E19C28400FA9497 /* cardHearts5.png in Resources */,
				5A2D77011E19C28400FA9497 /* cardClubs6.png in Resources */,
				5A2D76851E19BFD100FA9497 /* LaunchScreen.storyboard in Resources */,
				5A2D77061E19C28400FA9497 /* cardClubsJ.png in Resources */,
				5A2D77041E19C28400FA9497 /* cardClubs9.png in Resources */,
				5A2D77151E19C28400FA9497 /* cardDiamondsQ.png in Resources */,
				5A2D77201E19C28400FA9497 /* cardHeartsJ.png in Resources */,
				5A2D77091E19C28400FA9497 /* cardDiamonds10.png in Resources */,
				5A2D77191E19C28400FA9497 /* cardHearts4.png in Resources */,
				5A2D77131E19C28400FA9497 /* cardDiamondsJ.png in Resources */,
				5A2D77081E19C28400FA9497 /* cardClubsQ.png in Resources */,
				5A2D772E1E19C28400FA9497 /* cardSpadesJ.png in Resources */,
				5A2D770B1E19C28400FA9497 /* cardDiamonds3.png in Resources */,
				5A2D77001E19C28400FA9497 /* cardClubs5.png in Resources */,
				5A2D772A1E19C28400FA9497 /* cardSpades7.png in Resources */,
				5A2D77031E19C28400FA9497 /* cardClubs8.png in Resources */,
				5A19296F1E1AE23B005DDF9F /* nhcrtc.jpg in Resources */,
				5A2D77241E19C28400FA9497 /* cardSpades10.png in Resources */,
				5A2D770D1E19C28400FA9497 /* cardDiamonds5.png in Resources */,
				5A2D77071E19C28400FA9497 /* cardClubsK.png in Resources */,
				5A2D771D1E19C28400FA9497 /* cardHearts8.png in Resources */,
				5A2D772F1E19C28400FA9497 /* cardSpadesK.png in Resources */,
				5A2D770A1E19C28400FA9497 /* cardDiamonds2.png in Resources */,
				5A2D76FF1E19C28400FA9497 /* cardClubs4.png in Resources */,
				5A2D77251E19C28400FA9497 /* cardSpades2.png in Resources */,
				5A2D76FC1E19C28400FA9497 /* cardClubs10.png in Resources */,
				5A2D76FD1E19C28400FA9497 /* cardClubs2.png in Resources */,
				5A2D77111E19C28400FA9497 /* cardDiamonds9.png in Resources */,
				5A2D77121E19C28400FA9497 /* cardDiamondsA.png in Resources */,
				5A2D77051E19C28400FA9497 /* cardClubsA.png in Resources */,
				5A2D77291E19C28400FA9497 /* cardSpades6.png in Resources */,
				5A2D77021E19C28400FA9497 /* cardClubs7.png in Resources */,
				5A2D77221E19C28400FA9497 /* cardHeartsQ.png in Resources */,
				5A2D771C1E19C28400FA9497 /* cardHearts7.png in Resources */,
				5A2D771E1E19C28400FA9497 /* cardHearts9.png in Resources */,
				5A2D770C1E19C28400FA9497 /* cardDiamonds4.png in Resources */,
				5A2D770F1E19C28400FA9497 /* cardDiamonds7.png in Resources */,
				5A2D76821E19BFD100FA9497 /* Assets.xcassets in Resources */,
				5A2D76801E19BFD100FA9497 /* Main.storyboard in Resources */,
				5A2D77211E19C28400FA9497 /* cardHeartsK.png in Resources */,
				5A2D77271E19C28400FA9497 /* cardSpades4.png in Resources */,
			);
			runOnlyForDeploymentPostprocessing = 0;
		};
		5A2D76891E19BFD100FA9497 /* Resources */ = {
			isa = PBXResourcesBuildPhase;
			buildActionMask = 2147483647;
			files = (
			);
			runOnlyForDeploymentPostprocessing = 0;
		};
		5A2D76941E19BFD100FA9497 /* Resources */ = {
			isa = PBXResourcesBuildPhase;
			buildActionMask = 2147483647;
			files = (
			);
			runOnlyForDeploymentPostprocessing = 0;
		};
/* End PBXResourcesBuildPhase section */

/* Begin PBXSourcesBuildPhase section */
		5A2D76731E19BFD000FA9497 /* Sources */ = {
			isa = PBXSourcesBuildPhase;
			buildActionMask = 2147483647;
			files = (
				5A2D77341E19C97400FA9497 /* Shoe.swift in Sources */,
				5A2D767D1E19BFD100FA9497 /* ViewController.swift in Sources */,
				5A2D77321E19C5DB00FA9497 /* Card.swift in Sources */,
				5A2D767B1E19BFD100FA9497 /* AppDelegate.swift in Sources */,
			);
			runOnlyForDeploymentPostprocessing = 0;
		};
		5A2D76871E19BFD100FA9497 /* Sources */ = {
			isa = PBXSourcesBuildPhase;
			buildActionMask = 2147483647;
			files = (
				5A2D76901E19BFD100FA9497 /* blackjack_calculatedTests.swift in Sources */,
			);
			runOnlyForDeploymentPostprocessing = 0;
		};
		5A2D76921E19BFD100FA9497 /* Sources */ = {
			isa = PBXSourcesBuildPhase;
			buildActionMask = 2147483647;
			files = (
				5A2D769B1E19BFD100FA9497 /* blackjack_calculatedUITests.swift in Sources */,
			);
			runOnlyForDeploymentPostprocessing = 0;
		};
/* End PBXSourcesBuildPhase section */

/* Begin PBXTargetDependency section */
		5A2D768D1E19BFD100FA9497 /* PBXTargetDependency */ = {
			isa = PBXTargetDependency;
			target = 5A2D76761E19BFD000FA9497 /* blackjack-calculated */;
			targetProxy = 5A2D768C1E19BFD100FA9497 /* PBXContainerItemProxy */;
		};
		5A2D76981E19BFD100FA9497 /* PBXTargetDependency */ = {
			isa = PBXTargetDependency;
			target = 5A2D76761E19BFD000FA9497 /* blackjack-calculated */;
			targetProxy = 5A2D76971E19BFD100FA9497 /* PBXContainerItemProxy */;
		};
/* End PBXTargetDependency section */

/* Begin PBXVariantGroup section */
		5A2D767E1E19BFD100FA9497 /* Main.storyboard */ = {
			isa = PBXVariantGroup;
			children = (
				5A2D767F1E19BFD100FA9497 /* Base */,
			);
			name = Main.storyboard;
			sourceTree = "<group>";
		};
		5A2D76831E19BFD100FA9497 /* LaunchScreen.storyboard */ = {
			isa = PBXVariantGroup;
			children = (
				5A2D76841E19BFD100FA9497 /* Base */,
			);
			name = LaunchScreen.storyboard;
			sourceTree = "<group>";
		};
/* End PBXVariantGroup section */

/* Begin XCBuildConfiguration section */
		5A2D769D1E19BFD100FA9497 /* Debug */ = {
			isa = XCBuildConfiguration;
			buildSettings = {
				ALWAYS_SEARCH_USER_PATHS = NO;
				CLANG_ANALYZER_NONNULL = YES;
				CLANG_CXX_LANGUAGE_STANDARD = "gnu++0x";
				CLANG_CXX_LIBRARY = "libc++";
				CLANG_ENABLE_MODULES = YES;
				CLANG_ENABLE_OBJC_ARC = YES;
				CLANG_WARN_BOOL_CONVERSION = YES;
				CLANG_WARN_CONSTANT_CONVERSION = YES;
				CLANG_WARN_DIRECT_OBJC_ISA_USAGE = YES_ERROR;
				CLANG_WARN_DOCUMENTATION_COMMENTS = YES;
				CLANG_WARN_EMPTY_BODY = YES;
				CLANG_WARN_ENUM_CONVERSION = YES;
				CLANG_WARN_INFINITE_RECURSION = YES;
				CLANG_WARN_INT_CONVERSION = YES;
				CLANG_WARN_OBJC_ROOT_CLASS = YES_ERROR;
				CLANG_WARN_SUSPICIOUS_MOVE = YES;
				CLANG_WARN_UNREACHABLE_CODE = YES;
				CLANG_WARN__DUPLICATE_METHOD_MATCH = YES;
				"CODE_SIGN_IDENTITY[sdk=iphoneos*]" = "iPhone Developer";
				COPY_PHASE_STRIP = NO;
				DEBUG_INFORMATION_FORMAT = dwarf;
				ENABLE_STRICT_OBJC_MSGSEND = YES;
				ENABLE_TESTABILITY = YES;
				GCC_C_LANGUAGE_STANDARD = gnu99;
				GCC_DYNAMIC_NO_PIC = NO;
				GCC_NO_COMMON_BLOCKS = YES;
				GCC_OPTIMIZATION_LEVEL = 0;
				GCC_PREPROCESSOR_DEFINITIONS = (
					"DEBUG=1",
					"$(inherited)",
				);
				GCC_WARN_64_TO_32_BIT_CONVERSION = YES;
				GCC_WARN_ABOUT_RETURN_TYPE = YES_ERROR;
				GCC_WARN_UNDECLARED_SELECTOR = YES;
				GCC_WARN_UNINITIALIZED_AUTOS = YES_AGGRESSIVE;
				GCC_WARN_UNUSED_FUNCTION = YES;
				GCC_WARN_UNUSED_VARIABLE = YES;
				IPHONEOS_DEPLOYMENT_TARGET = 10.2;
				MTL_ENABLE_DEBUG_INFO = YES;
				ONLY_ACTIVE_ARCH = YES;
				SDKROOT = iphoneos;
				SWIFT_ACTIVE_COMPILATION_CONDITIONS = DEBUG;
				SWIFT_OPTIMIZATION_LEVEL = "-Onone";
			};
			name = Debug;
		};
		5A2D769E1E19BFD100FA9497 /* Release */ = {
			isa = XCBuildConfiguration;
			buildSettings = {
				ALWAYS_SEARCH_USER_PATHS = NO;
				CLANG_ANALYZER_NONNULL = YES;
				CLANG_CXX_LANGUAGE_STANDARD = "gnu++0x";
				CLANG_CXX_LIBRARY = "libc++";
				CLANG_ENABLE_MODULES = YES;
				CLANG_ENABLE_OBJC_ARC = YES;
				CLANG_WARN_BOOL_CONVERSION = YES;
				CLANG_WARN_CONSTANT_CONVERSION = YES;
				CLANG_WARN_DIRECT_OBJC_ISA_USAGE = YES_ERROR;
				CLANG_WARN_DOCUMENTATION_COMMENTS = YES;
				CLANG_WARN_EMPTY_BODY = YES;
				CLANG_WARN_ENUM_CONVERSION = YES;
				CLANG_WARN_INFINITE_RECURSION = YES;
				CLANG_WARN_INT_CONVERSION = YES;
				CLANG_WARN_OBJC_ROOT_CLASS = YES_ERROR;
				CLANG_WARN_SUSPICIOUS_MOVE = YES;
				CLANG_WARN_UNREACHABLE_CODE = YES;
				CLANG_WARN__DUPLICATE_METHOD_MATCH = YES;
				"CODE_SIGN_IDENTITY[sdk=iphoneos*]" = "iPhone Developer";
				COPY_PHASE_STRIP = NO;
				DEBUG_INFORMATION_FORMAT = "dwarf-with-dsym";
				ENABLE_NS_ASSERTIONS = NO;
				ENABLE_STRICT_OBJC_MSGSEND = YES;
				GCC_C_LANGUAGE_STANDARD = gnu99;
				GCC_NO_COMMON_BLOCKS = YES;
				GCC_WARN_64_TO_32_BIT_CONVERSION = YES;
				GCC_WARN_ABOUT_RETURN_TYPE = YES_ERROR;
				GCC_WARN_UNDECLARED_SELECTOR = YES;
				GCC_WARN_UNINITIALIZED_AUTOS = YES_AGGRESSIVE;
				GCC_WARN_UNUSED_FUNCTION = YES;
				GCC_WARN_UNUSED_VARIABLE = YES;
				IPHONEOS_DEPLOYMENT_TARGET = 10.2;
				MTL_ENABLE_DEBUG_INFO = NO;
				SDKROOT = iphoneos;
				SWIFT_OPTIMIZATION_LEVEL = "-Owholemodule";
				VALIDATE_PRODUCT = YES;
			};
			name = Release;
		};
		5A2D76A01E19BFD100FA9497 /* Debug */ = {
			isa = XCBuildConfiguration;
			buildSettings = {
				ASSETCATALOG_COMPILER_APPICON_NAME = AppIcon;
				INFOPLIST_FILE = "blackjack-calculated/Info.plist";
				LD_RUNPATH_SEARCH_PATHS = "$(inherited) @executable_path/Frameworks";
				PRODUCT_BUNDLE_IDENTIFIER = "ftl.blackjack-calculated";
				PRODUCT_NAME = "$(TARGET_NAME)";
				SWIFT_VERSION = 3.0;
			};
			name = Debug;
		};
		5A2D76A11E19BFD100FA9497 /* Release */ = {
			isa = XCBuildConfiguration;
			buildSettings = {
				ASSETCATALOG_COMPILER_APPICON_NAME = AppIcon;
				INFOPLIST_FILE = "blackjack-calculated/Info.plist";
				LD_RUNPATH_SEARCH_PATHS = "$(inherited) @executable_path/Frameworks";
				PRODUCT_BUNDLE_IDENTIFIER = "ftl.blackjack-calculated";
				PRODUCT_NAME = "$(TARGET_NAME)";
				SWIFT_VERSION = 3.0;
			};
			name = Release;
		};
		5A2D76A31E19BFD100FA9497 /* Debug */ = {
			isa = XCBuildConfiguration;
			buildSettings = {
				ALWAYS_EMBED_SWIFT_STANDARD_LIBRARIES = YES;
				BUNDLE_LOADER = "$(TEST_HOST)";
				INFOPLIST_FILE = "blackjack-calculatedTests/Info.plist";
				LD_RUNPATH_SEARCH_PATHS = "$(inherited) @executable_path/Frameworks @loader_path/Frameworks";
				PRODUCT_BUNDLE_IDENTIFIER = "ftl.blackjack-calculatedTests";
				PRODUCT_NAME = "$(TARGET_NAME)";
				SWIFT_VERSION = 3.0;
				TEST_HOST = "$(BUILT_PRODUCTS_DIR)/blackjack-calculated.app/blackjack-calculated";
			};
			name = Debug;
		};
		5A2D76A41E19BFD100FA9497 /* Release */ = {
			isa = XCBuildConfiguration;
			buildSettings = {
				ALWAYS_EMBED_SWIFT_STANDARD_LIBRARIES = YES;
				BUNDLE_LOADER = "$(TEST_HOST)";
				INFOPLIST_FILE = "blackjack-calculatedTests/Info.plist";
				LD_RUNPATH_SEARCH_PATHS = "$(inherited) @executable_path/Frameworks @loader_path/Frameworks";
				PRODUCT_BUNDLE_IDENTIFIER = "ftl.blackjack-calculatedTests";
				PRODUCT_NAME = "$(TARGET_NAME)";
				SWIFT_VERSION = 3.0;
				TEST_HOST = "$(BUILT_PRODUCTS_DIR)/blackjack-calculated.app/blackjack-calculated";
			};
			name = Release;
		};
		5A2D76A61E19BFD100FA9497 /* Debug */ = {
			isa = XCBuildConfiguration;
			buildSettings = {
				ALWAYS_EMBED_SWIFT_STANDARD_LIBRARIES = YES;
				INFOPLIST_FILE = "blackjack-calculatedUITests/Info.plist";
				LD_RUNPATH_SEARCH_PATHS = "$(inherited) @executable_path/Frameworks @loader_path/Frameworks";
				PRODUCT_BUNDLE_IDENTIFIER = "ftl.blackjack-calculatedUITests";
				PRODUCT_NAME = "$(TARGET_NAME)";
				SWIFT_VERSION = 3.0;
				TEST_TARGET_NAME = "blackjack-calculated";
			};
			name = Debug;
		};
		5A2D76A71E19BFD100FA9497 /* Release */ = {
			isa = XCBuildConfiguration;
			buildSettings = {
				ALWAYS_EMBED_SWIFT_STANDARD_LIBRARIES = YES;
				INFOPLIST_FILE = "blackjack-calculatedUITests/Info.plist";
				LD_RUNPATH_SEARCH_PATHS = "$(inherited) @executable_path/Frameworks @loader_path/Frameworks";
				PRODUCT_BUNDLE_IDENTIFIER = "ftl.blackjack-calculatedUITests";
				PRODUCT_NAME = "$(TARGET_NAME)";
				SWIFT_VERSION = 3.0;
				TEST_TARGET_NAME = "blackjack-calculated";
			};
			name = Release;
		};
/* End XCBuildConfiguration section */

/* Begin XCConfigurationList section */
		5A2D76721E19BFD000FA9497 /* Build configuration list for PBXProject "blackjack-calculated" */ = {
			isa = XCConfigurationList;
			buildConfigurations = (
				5A2D769D1E19BFD100FA9497 /* Debug */,
				5A2D769E1E19BFD100FA9497 /* Release */,
			);
			defaultConfigurationIsVisible = 0;
			defaultConfigurationName = Release;
		};
		5A2D769F1E19BFD100FA9497 /* Build configuration list for PBXNativeTarget "blackjack-calculated" */ = {
			isa = XCConfigurationList;
			buildConfigurations = (
				5A2D76A01E19BFD100FA9497 /* Debug */,
				5A2D76A11E19BFD100FA9497 /* Release */,
			);
			defaultConfigurationIsVisible = 0;
			defaultConfigurationName = Release;
		};
		5A2D76A21E19BFD100FA9497 /* Build configuration list for PBXNativeTarget "blackjack-calculatedTests" */ = {
			isa = XCConfigurationList;
			buildConfigurations = (
				5A2D76A31E19BFD100FA9497 /* Debug */,
				5A2D76A41E19BFD100FA9497 /* Release */,
			);
			defaultConfigurationIsVisible = 0;
			defaultConfigurationName = Release;
		};
		5A2D76A51E19BFD100FA9497 /* Build configuration list for PBXNativeTarget "blackjack-calculatedUITests" */ = {
			isa = XCConfigurationList;
			buildConfigurations = (
				5A2D76A61E19BFD100FA9497 /* Debug */,
				5A2D76A71E19BFD100FA9497 /* Release */,
			);
			defaultConfigurationIsVisible = 0;
			defaultConfigurationName = Release;
		};
/* End XCConfigurationList section */
	};
	rootObject = 5A2D766F1E19BFD000FA9497 /* Project object */;
}
